
Microsoft Visual Studio Solution File, Format Version 12.00
# Visual Studio Version 17
VisualStudioVersion = 17.2.32526.322
MinimumVisualStudioVersion = 10.0.40219.1
Project("{FAE04EC0-301F-11D3-BF4B-00C04F79EFBC}") = "UserMaintenance", "UserMaintenance\UserMaintenance.csproj", "{64505DE7-965D-4253-84C2-E707A6279927}"
EndProject
Global
	GlobalSection(SolutionConfigurationPlatforms) = preSolution
		Debug|Any CPU = Debug|Any CPU
		Release|Any CPU = Release|Any CPU
	EndGlobalSection
	GlobalSection(ProjectConfigurationPlatforms) = postSolution
		{64505DE7-965D-4253-84C2-E707A6279927}.Debug|Any CPU.ActiveCfg = Debug|Any CPU
		{64505DE7-965D-4253-84C2-E707A6279927}.Debug|Any CPU.Build.0 = Debug|Any CPU
		{64505DE7-965D-4253-84C2-E707A6279927}.Release|Any CPU.ActiveCfg = Release|Any CPU
		{64505DE7-965D-4253-84C2-E707A6279927}.Release|Any CPU.Build.0 = Release|Any CPU
	EndGlobalSection
	GlobalSection(SolutionProperties) = preSolution
		HideSolutionNode = FALSE
	EndGlobalSection
	GlobalSection(ExtensibilityGlobals) = postSolution
		SolutionGuid = {BCA56C26-AC1B-4511-AB19-DEF2EE2FA7F5}
	EndGlobalSection
EndGlobal
